// !$*UTF8*$!
{
	archiveVersion = 1;
	classes = {
	};
	objectVersion = 46;
	objects = {

/* Begin PBXBuildFile section */
		8B9C33C61CDA3E14001CD9D8 /* main.m in Sources */ = {isa = PBXBuildFile; fileRef = 8B9C33C51CDA3E14001CD9D8 /* main.m */; };
		8B9C33C91CDA3E14001CD9D8 /* AppDelegate.m in Sources */ = {isa = PBXBuildFile; fileRef = 8B9C33C81CDA3E14001CD9D8 /* AppDelegate.m */; };
		8B9C33CF1CDA3E14001CD9D8 /* Main.storyboard in Resources */ = {isa = PBXBuildFile; fileRef = 8B9C33CD1CDA3E14001CD9D8 /* Main.storyboard */; };
		8B9C33D11CDA3E14001CD9D8 /* Assets.xcassets in Resources */ = {isa = PBXBuildFile; fileRef = 8B9C33D01CDA3E14001CD9D8 /* Assets.xcassets */; };
		8B9C33D41CDA3E14001CD9D8 /* LaunchScreen.storyboard in Resources */ = {isa = PBXBuildFile; fileRef = 8B9C33D21CDA3E14001CD9D8 /* LaunchScreen.storyboard */; };
		8B9C33DF1CDA3E14001CD9D8 /* NuviesTests.m in Sources */ = {isa = PBXBuildFile; fileRef = 8B9C33DE1CDA3E14001CD9D8 /* NuviesTests.m */; };
		8B9C33EA1CDA3E14001CD9D8 /* NuviesUITests.m in Sources */ = {isa = PBXBuildFile; fileRef = 8B9C33E91CDA3E14001CD9D8 /* NuviesUITests.m */; };
		8B9C33FC1CDA3F96001CD9D8 /* MoviesTableViewController.m in Sources */ = {isa = PBXBuildFile; fileRef = 8B9C33FB1CDA3F96001CD9D8 /* MoviesTableViewController.m */; };
		8B9C33FF1CDA5994001CD9D8 /* DetailViewController.m in Sources */ = {isa = PBXBuildFile; fileRef = 8B9C33FE1CDA5994001CD9D8 /* DetailViewController.m */; };
		8B9C34031CDB84B2001CD9D8 /* Movies.m in Sources */ = {isa = PBXBuildFile; fileRef = 8B9C34021CDB84B2001CD9D8 /* Movies.m */; };
/* End PBXBuildFile section */

/* Begin PBXContainerItemProxy section */
		8B9C33DB1CDA3E14001CD9D8 /* PBXContainerItemProxy */ = {
			isa = PBXContainerItemProxy;
			containerPortal = 8B9C33B91CDA3E14001CD9D8 /* Project object */;
			proxyType = 1;
			remoteGlobalIDString = 8B9C33C01CDA3E14001CD9D8;
			remoteInfo = Nuvies;
		};
		8B9C33E61CDA3E14001CD9D8 /* PBXContainerItemProxy */ = {
			isa = PBXContainerItemProxy;
			containerPortal = 8B9C33B91CDA3E14001CD9D8 /* Project object */;
			proxyType = 1;
			remoteGlobalIDString = 8B9C33C01CDA3E14001CD9D8;
			remoteInfo = Nuvies;
		};
/* End PBXContainerItemProxy section */

/* Begin PBXFileReference section */
		8B9C33C11CDA3E14001CD9D8 /* Nuvies.app */ = {isa = PBXFileReference; explicitFileType = wrapper.application; includeInIndex = 0; path = Nuvies.app; sourceTree = BUILT_PRODUCTS_DIR; };
		8B9C33C51CDA3E14001CD9D8 /* main.m */ = {isa = PBXFileReference; lastKnownFileType = sourcecode.c.objc; path = main.m; sourceTree = "<group>"; };
		8B9C33C71CDA3E14001CD9D8 /* AppDelegate.h */ = {isa = PBXFileReference; lastKnownFileType = sourcecode.c.h; path = AppDelegate.h; sourceTree = "<group>"; };
		8B9C33C81CDA3E14001CD9D8 /* AppDelegate.m */ = {isa = PBXFileReference; lastKnownFileType = sourcecode.c.objc; path = AppDelegate.m; sourceTree = "<group>"; };
		8B9C33CE1CDA3E14001CD9D8 /* Base */ = {isa = PBXFileReference; lastKnownFileType = file.storyboard; name = Base; path = Base.lproj/Main.storyboard; sourceTree = "<group>"; };
		8B9C33D01CDA3E14001CD9D8 /* Assets.xcassets */ = {isa = PBXFileReference; lastKnownFileType = folder.assetcatalog; path = Assets.xcassets; sourceTree = "<group>"; };
		8B9C33D31CDA3E14001CD9D8 /* Base */ = {isa = PBXFileReference; lastKnownFileType = file.storyboard; name = Base; path = Base.lproj/LaunchScreen.storyboard; sourceTree = "<group>"; };
		8B9C33D51CDA3E14001CD9D8 /* Info.plist */ = {isa = PBXFileReference; lastKnownFileType = text.plist.xml; path = Info.plist; sourceTree = "<group>"; };
		8B9C33DA1CDA3E14001CD9D8 /* NuviesTests.xctest */ = {isa = PBXFileReference; explicitFileType = wrapper.cfbundle; includeInIndex = 0; path = NuviesTests.xctest; sourceTree = BUILT_PRODUCTS_DIR; };
		8B9C33DE1CDA3E14001CD9D8 /* NuviesTests.m */ = {isa = PBXFileReference; lastKnownFileType = sourcecode.c.objc; path = NuviesTests.m; sourceTree = "<group>"; };
		8B9C33E01CDA3E14001CD9D8 /* Info.plist */ = {isa = PBXFileReference; lastKnownFileType = text.plist.xml; path = Info.plist; sourceTree = "<group>"; };
		8B9C33E51CDA3E14001CD9D8 /* NuviesUITests.xctest */ = {isa = PBXFileReference; explicitFileType = wrapper.cfbundle; includeInIndex = 0; path = NuviesUITests.xctest; sourceTree = BUILT_PRODUCTS_DIR; };
		8B9C33E91CDA3E14001CD9D8 /* NuviesUITests.m */ = {isa = PBXFileReference; lastKnownFileType = sourcecode.c.objc; path = NuviesUITests.m; sourceTree = "<group>"; };
		8B9C33EB1CDA3E14001CD9D8 /* Info.plist */ = {isa = PBXFileReference; lastKnownFileType = text.plist.xml; path = Info.plist; sourceTree = "<group>"; };
		8B9C33FA1CDA3F96001CD9D8 /* MoviesTableViewController.h */ = {isa = PBXFileReference; fileEncoding = 4; lastKnownFileType = sourcecode.c.h; name = MoviesTableViewController.h; path = ../MoviesTableViewController.h; sourceTree = "<group>"; };
		8B9C33FB1CDA3F96001CD9D8 /* MoviesTableViewController.m */ = {isa = PBXFileReference; fileEncoding = 4; lastKnownFileType = sourcecode.c.objc; name = MoviesTableViewController.m; path = ../MoviesTableViewController.m; sourceTree = "<group>"; };
		8B9C33FD1CDA5994001CD9D8 /* DetailViewController.h */ = {isa = PBXFileReference; fileEncoding = 4; lastKnownFileType = sourcecode.c.h; path = DetailViewController.h; sourceTree = "<group>"; };
		8B9C33FE1CDA5994001CD9D8 /* DetailViewController.m */ = {isa = PBXFileReference; fileEncoding = 4; lastKnownFileType = sourcecode.c.objc; path = DetailViewController.m; sourceTree = "<group>"; };
		8B9C34011CDB84B2001CD9D8 /* Movies.h */ = {isa = PBXFileReference; fileEncoding = 4; lastKnownFileType = sourcecode.c.h; path = Movies.h; sourceTree = "<group>"; };
		8B9C34021CDB84B2001CD9D8 /* Movies.m */ = {isa = PBXFileReference; fileEncoding = 4; lastKnownFileType = sourcecode.c.objc; path = Movies.m; sourceTree = "<group>"; };
/* End PBXFileReference section */

/* Begin PBXFrameworksBuildPhase section */
		8B9C33BE1CDA3E14001CD9D8 /* Frameworks */ = {
			isa = PBXFrameworksBuildPhase;
			buildActionMask = 2147483647;
			files = (
			);
			runOnlyForDeploymentPostprocessing = 0;
		};
		8B9C33D71CDA3E14001CD9D8 /* Frameworks */ = {
			isa = PBXFrameworksBuildPhase;
			buildActionMask = 2147483647;
			files = (
			);
			runOnlyForDeploymentPostprocessing = 0;
		};
		8B9C33E21CDA3E14001CD9D8 /* Frameworks */ = {
			isa = PBXFrameworksBuildPhase;
			buildActionMask = 2147483647;
			files = (
			);
			runOnlyForDeploymentPostprocessing = 0;
		};
/* End PBXFrameworksBuildPhase section */

/* Begin PBXGroup section */
		8B9C33B81CDA3E14001CD9D8 = {
			isa = PBXGroup;
			children = (
				8B9C33C31CDA3E14001CD9D8 /* Nuvies */,
				8B9C33DD1CDA3E14001CD9D8 /* NuviesTests */,
				8B9C33E81CDA3E14001CD9D8 /* NuviesUITests */,
				8B9C33C21CDA3E14001CD9D8 /* Products */,
			);
			sourceTree = "<group>";
		};
		8B9C33C21CDA3E14001CD9D8 /* Products */ = {
			isa = PBXGroup;
			children = (
				8B9C33C11CDA3E14001CD9D8 /* Nuvies.app */,
				8B9C33DA1CDA3E14001CD9D8 /* NuviesTests.xctest */,
				8B9C33E51CDA3E14001CD9D8 /* NuviesUITests.xctest */,
			);
			name = Products;
			sourceTree = "<group>";
		};
		8B9C33C31CDA3E14001CD9D8 /* Nuvies */ = {
			isa = PBXGroup;
			children = (
				8B9C34001CDB82E9001CD9D8 /* Model */,
				8B9C33C71CDA3E14001CD9D8 /* AppDelegate.h */,
				8B9C33C81CDA3E14001CD9D8 /* AppDelegate.m */,
				8B9C33FA1CDA3F96001CD9D8 /* MoviesTableViewController.h */,
				8B9C33FB1CDA3F96001CD9D8 /* MoviesTableViewController.m */,
				8B9C33FD1CDA5994001CD9D8 /* DetailViewController.h */,
				8B9C33FE1CDA5994001CD9D8 /* DetailViewController.m */,
				8B9C33CD1CDA3E14001CD9D8 /* Main.storyboard */,
				8B9C33D01CDA3E14001CD9D8 /* Assets.xcassets */,
				8B9C33D21CDA3E14001CD9D8 /* LaunchScreen.storyboard */,
				8B9C33D51CDA3E14001CD9D8 /* Info.plist */,
				8B9C33C41CDA3E14001CD9D8 /* Supporting Files */,
			);
			path = Nuvies;
			sourceTree = "<group>";
		};
		8B9C33C41CDA3E14001CD9D8 /* Supporting Files */ = {
			isa = PBXGroup;
			children = (
				8B9C33C51CDA3E14001CD9D8 /* main.m */,
			);
			name = "Supporting Files";
			sourceTree = "<group>";
		};
		8B9C33DD1CDA3E14001CD9D8 /* NuviesTests */ = {
			isa = PBXGroup;
			children = (
				8B9C33DE1CDA3E14001CD9D8 /* NuviesTests.m */,
				8B9C33E01CDA3E14001CD9D8 /* Info.plist */,
			);
			path = NuviesTests;
			sourceTree = "<group>";
		};
		8B9C33E81CDA3E14001CD9D8 /* NuviesUITests */ = {
			isa = PBXGroup;
			children = (
				8B9C33E91CDA3E14001CD9D8 /* NuviesUITests.m */,
				8B9C33EB1CDA3E14001CD9D8 /* Info.plist */,
			);
			path = NuviesUITests;
			sourceTree = "<group>";
		};
		8B9C34001CDB82E9001CD9D8 /* Model */ = {
			isa = PBXGroup;
			children = (
				8B9C34011CDB84B2001CD9D8 /* Movies.h */,
				8B9C34021CDB84B2001CD9D8 /* Movies.m */,
			);
			name = Model;
			sourceTree = "<group>";
		};
/* End PBXGroup section */

/* Begin PBXNativeTarget section */
		8B9C33C01CDA3E14001CD9D8 /* Nuvies */ = {
			isa = PBXNativeTarget;
			buildConfigurationList = 8B9C33EE1CDA3E14001CD9D8 /* Build configuration list for PBXNativeTarget "Nuvies" */;
			buildPhases = (
				8B9C33BD1CDA3E14001CD9D8 /* Sources */,
				8B9C33BE1CDA3E14001CD9D8 /* Frameworks */,
				8B9C33BF1CDA3E14001CD9D8 /* Resources */,
			);
			buildRules = (
			);
			dependencies = (
			);
			name = Nuvies;
			productName = Nuvies;
			productReference = 8B9C33C11CDA3E14001CD9D8 /* Nuvies.app */;
			productType = "com.apple.product-type.application";
		};
		8B9C33D91CDA3E14001CD9D8 /* NuviesTests */ = {
			isa = PBXNativeTarget;
			buildConfigurationList = 8B9C33F11CDA3E14001CD9D8 /* Build configuration list for PBXNativeTarget "NuviesTests" */;
			buildPhases = (
				8B9C33D61CDA3E14001CD9D8 /* Sources */,
				8B9C33D71CDA3E14001CD9D8 /* Frameworks */,
				8B9C33D81CDA3E14001CD9D8 /* Resources */,
			);
			buildRules = (
			);
			dependencies = (
				8B9C33DC1CDA3E14001CD9D8 /* PBXTargetDependency */,
			);
			name = NuviesTests;
			productName = NuviesTests;
			productReference = 8B9C33DA1CDA3E14001CD9D8 /* NuviesTests.xctest */;
			productType = "com.apple.product-type.bundle.unit-test";
		};
		8B9C33E41CDA3E14001CD9D8 /* NuviesUITests */ = {
			isa = PBXNativeTarget;
			buildConfigurationList = 8B9C33F41CDA3E14001CD9D8 /* Build configuration list for PBXNativeTarget "NuviesUITests" */;
			buildPhases = (
				8B9C33E11CDA3E14001CD9D8 /* Sources */,
				8B9C33E21CDA3E14001CD9D8 /* Frameworks */,
				8B9C33E31CDA3E14001CD9D8 /* Resources */,
			);
			buildRules = (
			);
			dependencies = (
				8B9C33E71CDA3E14001CD9D8 /* PBXTargetDependency */,
			);
			name = NuviesUITests;
			productName = NuviesUITests;
			productReference = 8B9C33E51CDA3E14001CD9D8 /* NuviesUITests.xctest */;
			productType = "com.apple.product-type.bundle.ui-testing";
		};
/* End PBXNativeTarget section */

/* Begin PBXProject section */
		8B9C33B91CDA3E14001CD9D8 /* Project object */ = {
			isa = PBXProject;
			attributes = {
				LastUpgradeCheck = 0730;
				ORGANIZATIONNAME = Riccardo;
				TargetAttributes = {
					8B9C33C01CDA3E14001CD9D8 = {
						CreatedOnToolsVersion = 7.3;
					};
					8B9C33D91CDA3E14001CD9D8 = {
						CreatedOnToolsVersion = 7.3;
						TestTargetID = 8B9C33C01CDA3E14001CD9D8;
					};
					8B9C33E41CDA3E14001CD9D8 = {
						CreatedOnToolsVersion = 7.3;
						TestTargetID = 8B9C33C01CDA3E14001CD9D8;
					};
				};
			};
			buildConfigurationList = 8B9C33BC1CDA3E14001CD9D8 /* Build configuration list for PBXProject "Nuvies" */;
			compatibilityVersion = "Xcode 3.2";
			developmentRegion = English;
			hasScannedForEncodings = 0;
			knownRegions = (
				en,
				Base,
			);
			mainGroup = 8B9C33B81CDA3E14001CD9D8;
			productRefGroup = 8B9C33C21CDA3E14001CD9D8 /* Products */;
			projectDirPath = "";
			projectRoot = "";
			targets = (
				8B9C33C01CDA3E14001CD9D8 /* Nuvies */,
				8B9C33D91CDA3E14001CD9D8 /* NuviesTests */,
				8B9C33E41CDA3E14001CD9D8 /* NuviesUITests */,
			);
		};
/* End PBXProject section */

/* Begin PBXResourcesBuildPhase section */
		8B9C33BF1CDA3E14001CD9D8 /* Resources */ = {
			isa = PBXResourcesBuildPhase;
			buildActionMask = 2147483647;
			files = (
				8B9C33D41CDA3E14001CD9D8 /* LaunchScreen.storyboard in Resources */,
				8B9C33D11CDA3E14001CD9D8 /* Assets.xcassets in Resources */,
				8B9C33CF1CDA3E14001CD9D8 /* Main.storyboard in Resources */,
			);
			runOnlyForDeploymentPostprocessing = 0;
		};
		8B9C33D81CDA3E14001CD9D8 /* Resources */ = {
			isa = PBXResourcesBuildPhase;
			buildActionMask = 2147483647;
			files = (
			);
			runOnlyForDeploymentPostprocessing = 0;
		};
		8B9C33E31CDA3E14001CD9D8 /* Resources */ = {
			isa = PBXResourcesBuildPhase;
			buildActionMask = 2147483647;
			files = (
			);
			runOnlyForDeploymentPostprocessing = 0;
		};
/* End PBXResourcesBuildPhase section */

/* Begin PBXSourcesBuildPhase section */
		8B9C33BD1CDA3E14001CD9D8 /* Sources */ = {
			isa = PBXSourcesBuildPhase;
			buildActionMask = 2147483647;
			files = (
				8B9C33C91CDA3E14001CD9D8 /* AppDelegate.m in Sources */,
				8B9C33FC1CDA3F96001CD9D8 /* MoviesTableViewController.m in Sources */,
				8B9C34031CDB84B2001CD9D8 /* Movies.m in Sources */,
				8B9C33C61CDA3E14001CD9D8 /* main.m in Sources */,
				8B9C33FF1CDA5994001CD9D8 /* DetailViewController.m in Sources */,
			);
			runOnlyForDeploymentPostprocessing = 0;
		};
		8B9C33D61CDA3E14001CD9D8 /* Sources */ = {
			isa = PBXSourcesBuildPhase;
			buildActionMask = 2147483647;
			files = (
				8B9C33DF1CDA3E14001CD9D8 /* NuviesTests.m in Sources */,
			);
			runOnlyForDeploymentPostprocessing = 0;
		};
		8B9C33E11CDA3E14001CD9D8 /* Sources */ = {
			isa = PBXSourcesBuildPhase;
			buildActionMask = 2147483647;
			files = (
				8B9C33EA1CDA3E14001CD9D8 /* NuviesUITests.m in Sources */,
			);
			runOnlyForDeploymentPostprocessing = 0;
		};
/* End PBXSourcesBuildPhase section */

/* Begin PBXTargetDependency section */
		8B9C33DC1CDA3E14001CD9D8 /* PBXTargetDependency */ = {
			isa = PBXTargetDependency;
			target = 8B9C33C01CDA3E14001CD9D8 /* Nuvies */;
			targetProxy = 8B9C33DB1CDA3E14001CD9D8 /* PBXContainerItemProxy */;
		};
		8B9C33E71CDA3E14001CD9D8 /* PBXTargetDependency */ = {
			isa = PBXTargetDependency;
			target = 8B9C33C01CDA3E14001CD9D8 /* Nuvies */;
			targetProxy = 8B9C33E61CDA3E14001CD9D8 /* PBXContainerItemProxy */;
		};
/* End PBXTargetDependency section */

/* Begin PBXVariantGroup section */
		8B9C33CD1CDA3E14001CD9D8 /* Main.storyboard */ = {
			isa = PBXVariantGroup;
			children = (
				8B9C33CE1CDA3E14001CD9D8 /* Base */,
			);
			name = Main.storyboard;
			sourceTree = "<group>";
		};
		8B9C33D21CDA3E14001CD9D8 /* LaunchScreen.storyboard */ = {
			isa = PBXVariantGroup;
			children = (
				8B9C33D31CDA3E14001CD9D8 /* Base */,
			);
			name = LaunchScreen.storyboard;
			sourceTree = "<group>";
		};
/* End PBXVariantGroup section */

/* Begin XCBuildConfiguration section */
		8B9C33EC1CDA3E14001CD9D8 /* Debug */ = {
			isa = XCBuildConfiguration;
			buildSettings = {
				ALWAYS_SEARCH_USER_PATHS = NO;
				CLANG_ANALYZER_NONNULL = YES;
				CLANG_CXX_LANGUAGE_STANDARD = "gnu++0x";
				CLANG_CXX_LIBRARY = "libc++";
				CLANG_ENABLE_MODULES = YES;
				CLANG_ENABLE_OBJC_ARC = YES;
				CLANG_WARN_BOOL_CONVERSION = YES;
				CLANG_WARN_CONSTANT_CONVERSION = YES;
				CLANG_WARN_DIRECT_OBJC_ISA_USAGE = YES_ERROR;
				CLANG_WARN_EMPTY_BODY = YES;
				CLANG_WARN_ENUM_CONVERSION = YES;
				CLANG_WARN_INT_CONVERSION = YES;
				CLANG_WARN_OBJC_ROOT_CLASS = YES_ERROR;
				CLANG_WARN_UNREACHABLE_CODE = YES;
				CLANG_WARN__DUPLICATE_METHOD_MATCH = YES;
				"CODE_SIGN_IDENTITY[sdk=iphoneos*]" = "iPhone Developer";
				COPY_PHASE_STRIP = NO;
				DEBUG_INFORMATION_FORMAT = dwarf;
				ENABLE_STRICT_OBJC_MSGSEND = YES;
				ENABLE_TESTABILITY = YES;
				GCC_C_LANGUAGE_STANDARD = gnu99;
				GCC_DYNAMIC_NO_PIC = NO;
				GCC_NO_COMMON_BLOCKS = YES;
				GCC_OPTIMIZATION_LEVEL = 0;
				GCC_PREPROCESSOR_DEFINITIONS = (
					"DEBUG=1",
					"$(inherited)",
				);
				GCC_WARN_64_TO_32_BIT_CONVERSION = YES;
				GCC_WARN_ABOUT_RETURN_TYPE = YES_ERROR;
				GCC_WARN_UNDECLARED_SELECTOR = YES;
				GCC_WARN_UNINITIALIZED_AUTOS = YES_AGGRESSIVE;
				GCC_WARN_UNUSED_FUNCTION = YES;
				GCC_WARN_UNUSED_VARIABLE = YES;
				IPHONEOS_DEPLOYMENT_TARGET = 9.3;
				MTL_ENABLE_DEBUG_INFO = YES;
				ONLY_ACTIVE_ARCH = YES;
				SDKROOT = iphoneos;
				TARGETED_DEVICE_FAMILY = "1,2";
			};
			name = Debug;
		};
		8B9C33ED1CDA3E14001CD9D8 /* Release */ = {
			isa = XCBuildConfiguration;
			buildSettings = {
				ALWAYS_SEARCH_USER_PATHS = NO;
				CLANG_ANALYZER_NONNULL = YES;
				CLANG_CXX_LANGUAGE_STANDARD = "gnu++0x";
				CLANG_CXX_LIBRARY = "libc++";
				CLANG_ENABLE_MODULES = YES;
				CLANG_ENABLE_OBJC_ARC = YES;
				CLANG_WARN_BOOL_CONVERSION = YES;
				CLANG_WARN_CONSTANT_CONVERSION = YES;
				CLANG_WARN_DIRECT_OBJC_ISA_USAGE = YES_ERROR;
				CLANG_WARN_EMPTY_BODY = YES;
				CLANG_WARN_ENUM_CONVERSION = YES;
				CLANG_WARN_INT_CONVERSION = YES;
				CLANG_WARN_OBJC_ROOT_CLASS = YES_ERROR;
				CLANG_WARN_UNREACHABLE_CODE = YES;
				CLANG_WARN__DUPLICATE_METHOD_MATCH = YES;
				"CODE_SIGN_IDENTITY[sdk=iphoneos*]" = "iPhone Developer";
				COPY_PHASE_STRIP = NO;
				DEBUG_INFORMATION_FORMAT = "dwarf-with-dsym";
				ENABLE_NS_ASSERTIONS = NO;
				ENABLE_STRICT_OBJC_MSGSEND = YES;
				GCC_C_LANGUAGE_STANDARD = gnu99;
				GCC_NO_COMMON_BLOCKS = YES;
				GCC_WARN_64_TO_32_BIT_CONVERSION = YES;
				GCC_WARN_ABOUT_RETURN_TYPE = YES_ERROR;
				GCC_WARN_UNDECLARED_SELECTOR = YES;
				GCC_WARN_UNINITIALIZED_AUTOS = YES_AGGRESSIVE;
				GCC_WARN_UNUSED_FUNCTION = YES;
				GCC_WARN_UNUSED_VARIABLE = YES;
				IPHONEOS_DEPLOYMENT_TARGET = 9.3;
				MTL_ENABLE_DEBUG_INFO = NO;
				SDKROOT = iphoneos;
				TARGETED_DEVICE_FAMILY = "1,2";
				VALIDATE_PRODUCT = YES;
			};
			name = Release;
		};
		8B9C33EF1CDA3E14001CD9D8 /* Debug */ = {
			isa = XCBuildConfiguration;
			buildSettings = {
				ASSETCATALOG_COMPILER_APPICON_NAME = AppIcon;
				INFOPLIST_FILE = Nuvies/Info.plist;
				LD_RUNPATH_SEARCH_PATHS = "$(inherited) @executable_path/Frameworks";
				PRODUCT_BUNDLE_IDENTIFIER = com.qastit.Nuvies;
				PRODUCT_NAME = "$(TARGET_NAME)";
			};
			name = Debug;
		};
		8B9C33F01CDA3E14001CD9D8 /* Release */ = {
			isa = XCBuildConfiguration;
			buildSettings = {
				ASSETCATALOG_COMPILER_APPICON_NAME = AppIcon;
				INFOPLIST_FILE = Nuvies/Info.plist;
				LD_RUNPATH_SEARCH_PATHS = "$(inherited) @executable_path/Frameworks";
				PRODUCT_BUNDLE_IDENTIFIER = com.qastit.Nuvies;
				PRODUCT_NAME = "$(TARGET_NAME)";
			};
			name = Release;
		};
		8B9C33F21CDA3E14001CD9D8 /* Debug */ = {
			isa = XCBuildConfiguration;
			buildSettings = {
				BUNDLE_LOADER = "$(TEST_HOST)";
				INFOPLIST_FILE = NuviesTests/Info.plist;
				LD_RUNPATH_SEARCH_PATHS = "$(inherited) @executable_path/Frameworks @loader_path/Frameworks";
				PRODUCT_BUNDLE_IDENTIFIER = com.qastit.NuviesTests;
				PRODUCT_NAME = "$(TARGET_NAME)";
				TEST_HOST = "$(BUILT_PRODUCTS_DIR)/Nuvies.app/Nuvies";
			};
			name = Debug;
		};
		8B9C33F31CDA3E14001CD9D8 /* Release */ = {
			isa = XCBuildConfiguration;
			buildSettings = {
				BUNDLE_LOADER = "$(TEST_HOST)";
				INFOPLIST_FILE = NuviesTests/Info.plist;
				LD_RUNPATH_SEARCH_PATHS = "$(inherited) @executable_path/Frameworks @loader_path/Frameworks";
				PRODUCT_BUNDLE_IDENTIFIER = com.qastit.NuviesTests;
				PRODUCT_NAME = "$(TARGET_NAME)";
				TEST_HOST = "$(BUILT_PRODUCTS_DIR)/Nuvies.app/Nuvies";
			};
			name = Release;
		};
		8B9C33F51CDA3E14001CD9D8 /* Debug */ = {
			isa = XCBuildConfiguration;
			buildSettings = {
				INFOPLIST_FILE = NuviesUITests/Info.plist;
				LD_RUNPATH_SEARCH_PATHS = "$(inherited) @executable_path/Frameworks @loader_path/Frameworks";
				PRODUCT_BUNDLE_IDENTIFIER = com.qastit.NuviesUITests;
				PRODUCT_NAME = "$(TARGET_NAME)";
				TEST_TARGET_NAME = Nuvies;
			};
			name = Debug;
		};
		8B9C33F61CDA3E14001CD9D8 /* Release */ = {
			isa = XCBuildConfiguration;
			buildSettings = {
				INFOPLIST_FILE = NuviesUITests/Info.plist;
				LD_RUNPATH_SEARCH_PATHS = "$(inherited) @executable_path/Frameworks @loader_path/Frameworks";
				PRODUCT_BUNDLE_IDENTIFIER = com.qastit.NuviesUITests;
				PRODUCT_NAME = "$(TARGET_NAME)";
				TEST_TARGET_NAME = Nuvies;
			};
			name = Release;
		};
/* End XCBuildConfiguration section */

/* Begin XCConfigurationList section */
		8B9C33BC1CDA3E14001CD9D8 /* Build configuration list for PBXProject "Nuvies" */ = {
			isa = XCConfigurationList;
			buildConfigurations = (
				8B9C33EC1CDA3E14001CD9D8 /* Debug */,
				8B9C33ED1CDA3E14001CD9D8 /* Release */,
			);
			defaultConfigurationIsVisible = 0;
			defaultConfigurationName = Release;
		};
		8B9C33EE1CDA3E14001CD9D8 /* Build configuration list for PBXNativeTarget "Nuvies" */ = {
			isa = XCConfigurationList;
			buildConfigurations = (
				8B9C33EF1CDA3E14001CD9D8 /* Debug */,
				8B9C33F01CDA3E14001CD9D8 /* Release */,
			);
			defaultConfigurationIsVisible = 0;
		};
		8B9C33F11CDA3E14001CD9D8 /* Build configuration list for PBXNativeTarget "NuviesTests" */ = {
			isa = XCConfigurationList;
			buildConfigurations = (
				8B9C33F21CDA3E14001CD9D8 /* Debug */,
				8B9C33F31CDA3E14001CD9D8 /* Release */,
			);
			defaultConfigurationIsVisible = 0;
		};
		8B9C33F41CDA3E14001CD9D8 /* Build configuration list for PBXNativeTarget "NuviesUITests" */ = {
			isa = XCConfigurationList;
			buildConfigurations = (
				8B9C33F51CDA3E14001CD9D8 /* Debug */,
				8B9C33F61CDA3E14001CD9D8 /* Release */,
			);
			defaultConfigurationIsVisible = 0;
		};
/* End XCConfigurationList section */
	};
	rootObject = 8B9C33B91CDA3E14001CD9D8 /* Project object */;
}
